{
  "requires": true,
  "lockfileVersion": 1,
  "dependencies": {
    "marked": {
      "version": "3.0.4",
      "resolved": "https://registry.npmjs.org/marked/-/marked-3.0.4.tgz",
      "integrity": "sha512-jBo8AOayNaEcvBhNobg6/BLhdsK3NvnKWJg33MAAPbvTWiG4QBn9gpW1+7RssrKu4K1dKlN+0goVQwV41xEfOA==",
      "dev": true
    }
  }
}
